
Microsoft Visual Studio Solution File, Format Version 12.00
# Visual Studio Version 16
VisualStudioVersion = 16.0.30204.135
MinimumVisualStudioVersion = 10.0.40219.1
Project("{FAE04EC0-301F-11D3-BF4B-00C04F79EFBC}") = "Display1toN", "Display1toN\Display1toN.csproj", "{B525B65C-9012-4508-A339-0FD889599579}"
EndProject
Global
	GlobalSection(SolutionConfigurationPlatforms) = preSolution
		Debug|Any CPU = Debug|Any CPU
		Release|Any CPU = Release|Any CPU
	EndGlobalSection
	GlobalSection(ProjectConfigurationPlatforms) = postSolution
		{B525B65C-9012-4508-A339-0FD889599579}.Debug|Any CPU.ActiveCfg = Debug|Any CPU
		{B525B65C-9012-4508-A339-0FD889599579}.Debug|Any CPU.Build.0 = Debug|Any CPU
		{B525B65C-9012-4508-A339-0FD889599579}.Release|Any CPU.ActiveCfg = Release|Any CPU
		{B525B65C-9012-4508-A339-0FD889599579}.Release|Any CPU.Build.0 = Release|Any CPU
	EndGlobalSection
	GlobalSection(SolutionProperties) = preSolution
		HideSolutionNode = FALSE
	EndGlobalSection
	GlobalSection(ExtensibilityGlobals) = postSolution
		SolutionGuid = {C2DE1508-D3D7-42B8-9304-0FBD0785C795}
	EndGlobalSection
EndGlobal
